<?xml version="1.0" encoding="UTF-8"?>
<CodeBlocks_project_file>
	<FileVersion major="1" minor="6"/>
	<Project>
		<Option title="Project"/>
		<Option makefile_is_custom="1"/>
		<Option compiler="clang"/>
		<Option virtualFolders="CMake Files\;CMake Files\..\;CMake Files\..\..\;CMake Files\..\..\..\;CMake Files\..\..\..\node_modules\;CMake Files\..\..\..\node_modules\llvm-12.0.0.obj\;CMake Files\..\..\..\node_modules\llvm-12.0.0.obj\lib\;CMake Files\..\..\..\node_modules\llvm-12.0.0.obj\lib\cmake\;CMake Files\..\..\..\node_modules\llvm-12.0.0.obj\lib\cmake\llvm\;CMake Files\src\;"/>
		<Build>
			<Target title="all">
				<Option working_dir="/Users/triciadang/Documents/CS6340/SVF-example"/>
				<Option type="4"/>
				<MakeCommands>
					<Build command="/usr/bin/make -j8 -f &quot;/Users/triciadang/Documents/CS6340/SVF-example/Makefile&quot;  VERBOSE=1 all"/>
					<CompileFile command="/usr/bin/make -j8 -f &quot;/Users/triciadang/Documents/CS6340/SVF-example/Makefile&quot;  VERBOSE=1 &quot;$file&quot;"/>
					<Clean command="/usr/bin/make -j8 -f &quot;/Users/triciadang/Documents/CS6340/SVF-example/Makefile&quot;  VERBOSE=1 clean"/>
					<DistClean command="/usr/bin/make -j8 -f &quot;/Users/triciadang/Documents/CS6340/SVF-example/Makefile&quot;  VERBOSE=1 clean"/>
				</MakeCommands>
			</Target>
			<Target title="rebuild_cache">
				<Option working_dir="/Users/triciadang/Documents/CS6340/SVF-example"/>
				<Option type="4"/>
				<MakeCommands>
					<Build command="/usr/bin/make -j8 -f &quot;/Users/triciadang/Documents/CS6340/SVF-example/Makefile&quot;  VERBOSE=1 rebuild_cache"/>
					<CompileFile command="/usr/bin/make -j8 -f &quot;/Users/triciadang/Documents/CS6340/SVF-example/Makefile&quot;  VERBOSE=1 &quot;$file&quot;"/>
					<Clean command="/usr/bin/make -j8 -f &quot;/Users/triciadang/Documents/CS6340/SVF-example/Makefile&quot;  VERBOSE=1 clean"/>
					<DistClean command="/usr/bin/make -j8 -f &quot;/Users/triciadang/Documents/CS6340/SVF-example/Makefile&quot;  VERBOSE=1 clean"/>
				</MakeCommands>
			</Target>
			<Target title="edit_cache">
				<Option working_dir="/Users/triciadang/Documents/CS6340/SVF-example"/>
				<Option type="4"/>
				<MakeCommands>
					<Build command="/usr/bin/make -j8 -f &quot;/Users/triciadang/Documents/CS6340/SVF-example/Makefile&quot;  VERBOSE=1 edit_cache"/>
					<CompileFile command="/usr/bin/make -j8 -f &quot;/Users/triciadang/Documents/CS6340/SVF-example/Makefile&quot;  VERBOSE=1 &quot;$file&quot;"/>
					<Clean command="/usr/bin/make -j8 -f &quot;/Users/triciadang/Documents/CS6340/SVF-example/Makefile&quot;  VERBOSE=1 clean"/>
					<DistClean command="/usr/bin/make -j8 -f &quot;/Users/triciadang/Documents/CS6340/SVF-example/Makefile&quot;  VERBOSE=1 clean"/>
				</MakeCommands>
			</Target>
			<Target title="acc_gen">
				<Option working_dir="/Users/triciadang/Documents/CS6340/SVF-example"/>
				<Option type="4"/>
				<MakeCommands>
					<Build command="/usr/bin/make -j8 -f &quot;/Users/triciadang/Documents/CS6340/SVF-example/Makefile&quot;  VERBOSE=1 acc_gen"/>
					<CompileFile command="/usr/bin/make -j8 -f &quot;/Users/triciadang/Documents/CS6340/SVF-example/Makefile&quot;  VERBOSE=1 &quot;$file&quot;"/>
					<Clean command="/usr/bin/make -j8 -f &quot;/Users/triciadang/Documents/CS6340/SVF-example/Makefile&quot;  VERBOSE=1 clean"/>
					<DistClean command="/usr/bin/make -j8 -f &quot;/Users/triciadang/Documents/CS6340/SVF-example/Makefile&quot;  VERBOSE=1 clean"/>
				</MakeCommands>
			</Target>
			<Target title="omp_gen">
				<Option working_dir="/Users/triciadang/Documents/CS6340/SVF-example"/>
				<Option type="4"/>
				<MakeCommands>
					<Build command="/usr/bin/make -j8 -f &quot;/Users/triciadang/Documents/CS6340/SVF-example/Makefile&quot;  VERBOSE=1 omp_gen"/>
					<CompileFile command="/usr/bin/make -j8 -f &quot;/Users/triciadang/Documents/CS6340/SVF-example/Makefile&quot;  VERBOSE=1 &quot;$file&quot;"/>
					<Clean command="/usr/bin/make -j8 -f &quot;/Users/triciadang/Documents/CS6340/SVF-example/Makefile&quot;  VERBOSE=1 clean"/>
					<DistClean command="/usr/bin/make -j8 -f &quot;/Users/triciadang/Documents/CS6340/SVF-example/Makefile&quot;  VERBOSE=1 clean"/>
				</MakeCommands>
			</Target>
			<Target title="intrinsics_gen">
				<Option working_dir="/Users/triciadang/Documents/CS6340/SVF-example"/>
				<Option type="4"/>
				<MakeCommands>
					<Build command="/usr/bin/make -j8 -f &quot;/Users/triciadang/Documents/CS6340/SVF-example/Makefile&quot;  VERBOSE=1 intrinsics_gen"/>
					<CompileFile command="/usr/bin/make -j8 -f &quot;/Users/triciadang/Documents/CS6340/SVF-example/Makefile&quot;  VERBOSE=1 &quot;$file&quot;"/>
					<Clean command="/usr/bin/make -j8 -f &quot;/Users/triciadang/Documents/CS6340/SVF-example/Makefile&quot;  VERBOSE=1 clean"/>
					<DistClean command="/usr/bin/make -j8 -f &quot;/Users/triciadang/Documents/CS6340/SVF-example/Makefile&quot;  VERBOSE=1 clean"/>
				</MakeCommands>
			</Target>
			<Target title="svf-ex">
				<Option output="/Users/triciadang/Documents/CS6340/SVF-example/bin/svf-ex" prefix_auto="0" extension_auto="0"/>
				<Option working_dir="/Users/triciadang/Documents/CS6340/SVF-example/src"/>
				<Option object_output="./"/>
				<Option type="1"/>
				<Option compiler="clang"/>
				<Compiler>
					<Add directory="/Users/triciadang/node_modules/llvm-12.0.0.obj/include"/>
					<Add directory="/Users/triciadang/node_modules/SVF/include"/>
					<Add directory="/Users/triciadang/node_modules/z3.obj/include"/>
					<Add directory="/Users/triciadang/node_modules/llvm-12.0.0.obj/bin/../include/c++/v1"/>
					<Add directory="/usr/local/include"/>
					<Add directory="/Users/triciadang/node_modules/llvm-12.0.0.obj/lib/clang/12.0.0/include"/>
					<Add directory="/System/Library/Frameworks"/>
					<Add directory="/Library/Frameworks"/>
				</Compiler>
				<MakeCommands>
					<Build command="/usr/bin/make -j8 -f &quot;/Users/triciadang/Documents/CS6340/SVF-example/src/Makefile&quot;  VERBOSE=1 svf-ex"/>
					<CompileFile command="/usr/bin/make -j8 -f &quot;/Users/triciadang/Documents/CS6340/SVF-example/src/Makefile&quot;  VERBOSE=1 &quot;$file&quot;"/>
					<Clean command="/usr/bin/make -j8 -f &quot;/Users/triciadang/Documents/CS6340/SVF-example/src/Makefile&quot;  VERBOSE=1 clean"/>
					<DistClean command="/usr/bin/make -j8 -f &quot;/Users/triciadang/Documents/CS6340/SVF-example/src/Makefile&quot;  VERBOSE=1 clean"/>
				</MakeCommands>
			</Target>
			<Target title="svf-ex/fast">
				<Option output="/Users/triciadang/Documents/CS6340/SVF-example/bin/svf-ex" prefix_auto="0" extension_auto="0"/>
				<Option working_dir="/Users/triciadang/Documents/CS6340/SVF-example/src"/>
				<Option object_output="./"/>
				<Option type="1"/>
				<Option compiler="clang"/>
				<Compiler>
					<Add directory="/Users/triciadang/node_modules/llvm-12.0.0.obj/include"/>
					<Add directory="/Users/triciadang/node_modules/SVF/include"/>
					<Add directory="/Users/triciadang/node_modules/z3.obj/include"/>
					<Add directory="/Users/triciadang/node_modules/llvm-12.0.0.obj/bin/../include/c++/v1"/>
					<Add directory="/usr/local/include"/>
					<Add directory="/Users/triciadang/node_modules/llvm-12.0.0.obj/lib/clang/12.0.0/include"/>
					<Add directory="/System/Library/Frameworks"/>
					<Add directory="/Library/Frameworks"/>
				</Compiler>
				<MakeCommands>
					<Build command="/usr/bin/make -j8 -f &quot;/Users/triciadang/Documents/CS6340/SVF-example/src/Makefile&quot;  VERBOSE=1 svf-ex/fast"/>
					<CompileFile command="/usr/bin/make -j8 -f &quot;/Users/triciadang/Documents/CS6340/SVF-example/src/Makefile&quot;  VERBOSE=1 &quot;$file&quot;"/>
					<Clean command="/usr/bin/make -j8 -f &quot;/Users/triciadang/Documents/CS6340/SVF-example/src/Makefile&quot;  VERBOSE=1 clean"/>
					<DistClean command="/usr/bin/make -j8 -f &quot;/Users/triciadang/Documents/CS6340/SVF-example/src/Makefile&quot;  VERBOSE=1 clean"/>
				</MakeCommands>
			</Target>
		</Build>
		<Unit filename="/Users/triciadang/Documents/CS6340/SVF-example/src/svf-ex.cpp">
			<Option target="svf-ex"/>
		</Unit>
		<Unit filename="/Users/triciadang/Documents/CS6340/SVF-example/CMakeLists.txt">
			<Option virtualFolder="CMake Files\"/>
		</Unit>
		<Unit filename="/Users/triciadang/Documents/CS6340/SVF-example/../../../node_modules/llvm-12.0.0.obj/lib/cmake/llvm/AddLLVM.cmake">
			<Option virtualFolder="CMake Files\..\..\..\node_modules\llvm-12.0.0.obj\lib\cmake\llvm\"/>
		</Unit>
		<Unit filename="/Users/triciadang/Documents/CS6340/SVF-example/../../../node_modules/llvm-12.0.0.obj/lib/cmake/llvm/DetermineGCCCompatible.cmake">
			<Option virtualFolder="CMake Files\..\..\..\node_modules\llvm-12.0.0.obj\lib\cmake\llvm\"/>
		</Unit>
		<Unit filename="/Users/triciadang/Documents/CS6340/SVF-example/../../../node_modules/llvm-12.0.0.obj/lib/cmake/llvm/LLVM-Config.cmake">
			<Option virtualFolder="CMake Files\..\..\..\node_modules\llvm-12.0.0.obj\lib\cmake\llvm\"/>
		</Unit>
		<Unit filename="/Users/triciadang/Documents/CS6340/SVF-example/../../../node_modules/llvm-12.0.0.obj/lib/cmake/llvm/LLVMConfig.cmake">
			<Option virtualFolder="CMake Files\..\..\..\node_modules\llvm-12.0.0.obj\lib\cmake\llvm\"/>
		</Unit>
		<Unit filename="/Users/triciadang/Documents/CS6340/SVF-example/../../../node_modules/llvm-12.0.0.obj/lib/cmake/llvm/LLVMConfigVersion.cmake">
			<Option virtualFolder="CMake Files\..\..\..\node_modules\llvm-12.0.0.obj\lib\cmake\llvm\"/>
		</Unit>
		<Unit filename="/Users/triciadang/Documents/CS6340/SVF-example/../../../node_modules/llvm-12.0.0.obj/lib/cmake/llvm/LLVMExports-release.cmake">
			<Option virtualFolder="CMake Files\..\..\..\node_modules\llvm-12.0.0.obj\lib\cmake\llvm\"/>
		</Unit>
		<Unit filename="/Users/triciadang/Documents/CS6340/SVF-example/../../../node_modules/llvm-12.0.0.obj/lib/cmake/llvm/LLVMExports.cmake">
			<Option virtualFolder="CMake Files\..\..\..\node_modules\llvm-12.0.0.obj\lib\cmake\llvm\"/>
		</Unit>
		<Unit filename="/Users/triciadang/Documents/CS6340/SVF-example/../../../node_modules/llvm-12.0.0.obj/lib/cmake/llvm/LLVMProcessSources.cmake">
			<Option virtualFolder="CMake Files\..\..\..\node_modules\llvm-12.0.0.obj\lib\cmake\llvm\"/>
		</Unit>
		<Unit filename="/Users/triciadang/Documents/CS6340/SVF-example/src/CMakeLists.txt">
			<Option virtualFolder="CMake Files\src\"/>
		</Unit>
	</Project>
</CodeBlocks_project_file>
